
Microsoft Visual Studio Solution File, Format Version 12.00
# Visual Studio Version 16
VisualStudioVersion = 16.0.31410.357
MinimumVisualStudioVersion = 10.0.40219.1
Project("{FAE04EC0-301F-11D3-BF4B-00C04F79EFBC}") = "pr-32_prakt_16_1_OAP_Давыдова", "pr-32_prakt_16_1_OAP_Давыдова\pr-32_prakt_16_1_OAP_Давыдова.csproj", "{550C665A-B686-4F26-B707-C5D2B9E7C627}"
EndProject
Global
	GlobalSection(SolutionConfigurationPlatforms) = preSolution
		Debug|Any CPU = Debug|Any CPU
		Release|Any CPU = Release|Any CPU
	EndGlobalSection
	GlobalSection(ProjectConfigurationPlatforms) = postSolution
		{550C665A-B686-4F26-B707-C5D2B9E7C627}.Debug|Any CPU.ActiveCfg = Debug|Any CPU
		{550C665A-B686-4F26-B707-C5D2B9E7C627}.Debug|Any CPU.Build.0 = Debug|Any CPU
		{550C665A-B686-4F26-B707-C5D2B9E7C627}.Release|Any CPU.ActiveCfg = Release|Any CPU
		{550C665A-B686-4F26-B707-C5D2B9E7C627}.Release|Any CPU.Build.0 = Release|Any CPU
	EndGlobalSection
	GlobalSection(SolutionProperties) = preSolution
		HideSolutionNode = FALSE
	EndGlobalSection
	GlobalSection(ExtensibilityGlobals) = postSolution
		SolutionGuid = {2B31C05F-58FF-42D1-9685-2A4777924583}
	EndGlobalSection
EndGlobal
